<?xml version="1.0" encoding="utf-8"?>
<Project ToolsVersion="4.0" xmlns="http://schemas.microsoft.com/developer/msbuild/2003">
  <ItemGroup>
    <ClCompile Include="utils\c_function_caller.cpp" />
    <ClCompile Include="include\imgui\imgui.cpp" />
    <ClCompile Include="include\imgui\imgui_demo.cpp" />
    <ClCompile Include="include\imgui\imgui_draw.cpp" />
    <ClCompile Include="include\imgui\imgui_impl_dx11.cpp" />
    <ClCompile Include="include\imgui\imgui_impl_win32.cpp" />
    <ClCompile Include="include\imgui\imgui_tables.cpp" />
    <ClCompile Include="include\imgui\imgui_widgets.cpp" />
    <ClCompile Include="main.cpp" />
    <ClCompile Include="config\c_config_system.cpp" />
    <ClCompile Include="overlay\overlay.cpp" />
    <ClCompile Include="sdk\math\math.cpp" />
    <ClCompile Include="sdk\sdk.cpp" />
    <ClCompile Include="utils\input.cpp" />
    <ClCompile Include="include\clipper\clipper.cpp" />
    <ClCompile Include="features\champion_modules\modules.cpp" />
    <ClCompile Include="menu\framework\c_window.cpp" />
    <ClCompile Include="menu\menu.cpp" />
    <ClCompile Include="features\helper.cpp" />
    <ClCompile Include="menu\framework\components\c_component.cpp" />
    <ClCompile Include="menu\framework\components\c_topbar.cpp" />
    <ClCompile Include="include\imgui\imgui_freetype.cpp" />
    <ClCompile Include="sdk\math\vec3.cpp" />
    <ClCompile Include="config\c_config_var_formatter.cpp" />
    <ClCompile Include="sdk\math\vec2.cpp" />
    <ClCompile Include="renderer\c_fonts.cpp" />
    <ClCompile Include="utils\utils.cpp" />
    <ClCompile Include="menu\console.cpp" />
    <ClCompile Include="menu\framework\components\c_component_base.cpp" />
    <ClCompile Include="menu\framework\components\c_topbar_base.cpp" />
    <ClCompile Include="menu\framework\c_base_window.cpp" />
    <ClCompile Include="menu\framework\c_window_manager.cpp" />
    <ClCompile Include="config\config.cpp" />
    <ClCompile Include="menu\framework\components\components.cpp" />
    <ClCompile Include="renderer\c_renderer.cpp" />
    <ClCompile Include="sdk\game\game.cpp" />
    <ClCompile Include="utils\resource_updater.cpp" />
    <ClCompile Include="menu\get_spell_config.cpp" />
    <ClCompile Include="overlay\debug_overlay.cpp" />
    <ClCompile Include="pch.cpp" />
    <ClCompile Include="sdk\audio\audio.cpp" />
    <ClCompile Include="features\buff_cache.cpp" />
    <ClCompile Include="features\evade.cpp" />
    <ClCompile Include="features\spell_detector.cpp" />
    <ClCompile Include="features\visuals.cpp" />
    <ClCompile Include="runtime\app.cpp" />
    <ClCompile Include="sdk\game\pw_hud.cpp" />
    <ClCompile Include="sdk\game\render_manager.cpp" />
    <ClCompile Include="sdk\game\unit_info_component.cpp" />
    <ClCompile Include="sdk\memory\process.cpp" />
    <ClCompile Include="features\champion_modules\module.cpp" />
    <ClCompile Include="features\entity_list.cpp" />
    <ClCompile Include="features\feature.cpp" />
    <ClCompile Include="features\orbwalker.cpp" />
    <ClCompile Include="features\prediction.cpp" />
    <ClCompile Include="features\tracker.cpp" />
    <ClCompile Include="sdk\game\object.cpp" />
    <ClCompile Include="utils\holder.cpp" />
    <ClCompile Include="utils\crash_detector.cpp" />
    <ClCompile Include="utils\web_client.cpp" />
    <ClCompile Include="features\threading.cpp" />
    <ClCompile Include="utils\registry.cpp" />
    <ClCompile Include="features\lua_implementations.cpp" />
    <ClCompile Include="utils\cache_manager.cpp" />
    <ClCompile Include="utils\directory_manager.cpp" />
    <ClCompile Include="features\entity_cache.cpp" />
    <ClCompile Include="features\target_selector\ITargetSelector.cpp" />
    <ClCompile Include="features\target_selector\lua_target_selector.cpp" />
    <ClCompile Include="features\target_selector\target_selector.cpp" />
    <ClCompile Include="features\runtime\runtime_multi_core.cpp" />
    <ClCompile Include="features\runtime\runtime_single_core.cpp" />
    <ClCompile Include="features\runtime\shared.cpp" />
    <ClCompile Include="loader\loader.cpp" />
    <ClCompile Include="lua-v2\state.cpp" />
    <ClCompile Include="lua-v2\custom_structs.cpp" />
    <ClCompile Include="lua-v2\logger.cpp" />
    <ClCompile Include="lua-v2\test\test_entity_list.cpp" />
    <ClCompile Include="lua-v2\lua_web_client.cpp" />
    <ClCompile Include="utils\sentry\sentry.cpp" />
    <ClCompile Include="features\activator\activator.cpp" />
    <ClCompile Include="features\runtime\multi_core.cpp" />
    <ClCompile Include="features\runtime\runtime2.cpp" />
    <ClCompile Include="features\runtime\single_core.cpp" />
    <ClCompile Include="lua-v2\json.cpp" />
    <ClCompile Include="lua-v2\register\register_config.cpp" />
    <ClCompile Include="lua-v2\register\register_debug_overlay.cpp" />
    <ClCompile Include="lua-v2\register\register_enums.cpp" />
    <ClCompile Include="lua-v2\register\register_feature_types.cpp" />
    <ClCompile Include="lua-v2\register\register_global_tables.cpp" />
    <ClCompile Include="lua-v2\register\register_lua_only_types.cpp" />
    <ClCompile Include="lua-v2\register\register_lua_types.cpp" />
    <ClCompile Include="lua-v2\register\register_math_types.cpp" />
    <ClCompile Include="lua-v2\register\register_menu.cpp" />
    <ClCompile Include="lua-v2\register\register_sdk_types.cpp" />
    <ClCompile Include="lua-v2\sdk_download.cpp" />
    <ClCompile Include="mixpanel\mixpanel.cpp" />
  </ItemGroup>
  <ItemGroup>
    <ClInclude Include="include\imgui\imconfig.h" />
    <ClInclude Include="include\imgui\imgui.h" />
    <ClInclude Include="include\imgui\imgui_impl_dx11.h" />
    <ClInclude Include="include\imgui\imgui_impl_win32.h" />
    <ClInclude Include="include\imgui\imgui_internal.h" />
    <ClInclude Include="include\imgui\imstb_rectpack.h" />
    <ClInclude Include="include\imgui\imstb_textedit.h" />
    <ClInclude Include="include\imgui\imstb_truetype.h" />
    <ClInclude Include="include\clipper\clipper.hpp" />
    <ClInclude Include="build.hpp" />
    <ClInclude Include="config\c_config_var_formatter.hpp" />
    <ClInclude Include="config\c_config_system.hpp" />
    <ClInclude Include="config\keybind_t.hpp" />
    <ClInclude Include="features\champion_modules\kalista_module.hpp" />
    <ClInclude Include="features\champion_modules\modules.hpp" />
    <ClInclude Include="features\champion_modules\twitch_module.hpp" />
    <ClInclude Include="features\champion_modules\xerath_module.hpp" />
    <ClInclude Include="features\helper.hpp" />
    <ClInclude Include="menu\framework\animation_state_t.hpp" />
    <ClInclude Include="menu\framework\components\c_topbar.hpp" />
    <ClInclude Include="menu\framework\c_draw_list.hpp" />
    <ClInclude Include="include\stb_image.hpp" />
    <ClInclude Include="menu\framework\components\c_button.hpp" />
    <ClInclude Include="menu\framework\components\c_checkbox.hpp" />
    <ClInclude Include="menu\framework\components\c_component.hpp" />
    <ClInclude Include="menu\framework\components\c_select.hpp" />
    <ClInclude Include="menu\framework\components\c_slider.hpp" />
    <ClInclude Include="menu\framework\c_window.hpp" />
    <ClInclude Include="menu\menu.hpp" />
    <ClInclude Include="sdk\math\geometry.hpp" />
    <ClInclude Include="utils\c_function_caller.hpp" />
    <ClInclude Include="features\champion_modules\ezreal_module.hpp" />
    <ClInclude Include="features\names.hpp" />
    <ClInclude Include="include\ntdll.hpp" />
    <ClInclude Include="overlay\overlay.hpp" />
    <ClInclude Include="renderer\c_fonts.hpp" />
    <ClInclude Include="renderer\c_renderer.hpp" />
    <ClInclude Include="renderer\fonts.hpp" />
    <ClInclude Include="sdk\globals.hpp" />
    <ClInclude Include="sdk\math\math.hpp" />
    <ClInclude Include="sdk\math\vec2.hpp" />
    <ClInclude Include="sdk\offsets.hpp" />
    <ClInclude Include="sdk\sdk.hpp" />
    <ClInclude Include="utils\debug_logger.hpp" />
    <ClInclude Include="utils\ease.hpp" />
    <ClInclude Include="utils\input.hpp" />
    <ClInclude Include="utils\utils.hpp" />
    <ClInclude Include="sdk\math\vec3.hpp" />
    <ClInclude Include="renderer\color.hpp" />
    <ClInclude Include="menu\framework\menu_shared.hpp" />
    <ClInclude Include="features\champion_modules\ashe_module.hpp" />
    <ClInclude Include="include\imgui\imgui_freetype.h" />
    <ClInclude Include="menu\framework\menu_options.hpp" />
    <ClInclude Include="features\champion_modules\kogmaw_module.hpp" />
    <ClInclude Include="features\champion_modules\syndra_module.hpp" />
    <ClInclude Include="features\menu_order.hpp" />
    <ClInclude Include="features\champion_modules\tahmkench_module.hpp" />
    <ClInclude Include="menu\framework\components\c_multi_select.hpp" />
    <ClInclude Include="config\c_config.hpp" />
    <ClInclude Include="sdk\game\e_game_state.hpp" />
    <ClInclude Include="sdk\g_unload.hpp" />
    <ClInclude Include="features\champion_modules\lua_module.hpp" />
    <ClInclude Include="features\champion_modules\varus_module.hpp" />
    <ClInclude Include="features\champion_modules\zed_module.hpp" />
    <ClInclude Include="features\champion_modules\zeri_module.hpp" />
    <ClInclude Include="features\champion_modules\jax_module.hpp" />
    <ClInclude Include="features\champion_modules\blitzcrank_module.hpp" />
    <ClInclude Include="features\champion_modules\brand_module.hpp" />
    <ClInclude Include="features\champion_modules\jinx_module.hpp" />
    <ClInclude Include="features\champion_modules\kaisa_module.hpp" />
    <ClInclude Include="features\champion_modules\karthus_module.hpp" />
    <ClInclude Include="features\champion_modules\kayle_module.hpp" />
    <ClInclude Include="features\champion_modules\riven_module.hpp" />
    <ClInclude Include="features\champion_modules\tristana_module.hpp" />
    <ClInclude Include="features\champion_modules\kassadin_module.hpp" />
    <ClInclude Include="features\champion_modules\ryze_module.hpp" />
    <ClInclude Include="features\champion_modules\leesin_module.hpp" />
    <ClInclude Include="features\champion_modules\annie_module.hpp" />
    <ClInclude Include="menu\framework\components\c_conditional.hpp" />
    <ClInclude Include="features\champion_modules\leblanc_module.h" />
    <ClInclude Include="features\champion_modules\pyke_module.hpp" />
    <ClInclude Include="features\champion_modules\ahri_module.hpp" />
    <ClInclude Include="globals.hpp" />
    <ClInclude Include="features\champion_modules\veigar_module.hpp" />
    <ClInclude Include="features\champion_modules\lucian_module.hpp" />
    <ClInclude Include="security\src\base64.hpp" />
    <ClInclude Include="security\src\hash_t.hpp" />
    <ClInclude Include="security\src\lazy_importer.hpp" />
    <ClInclude Include="security\src\random.hpp" />
    <ClInclude Include="security\src\security.hpp" />
    <ClInclude Include="security\src\xorstr.hpp" />
    <ClInclude Include="features\champion_modules\jhin_module.hpp" />
    <ClInclude Include="features\champion_modules\cassiopeia_module.hpp" />
    <ClInclude Include="features\champion_modules\lux_module.hpp" />
    <ClInclude Include="features\champion_modules\mundo_module.hpp" />
    <ClInclude Include="features\champion_modules\tryndamere_module.hpp" />
    <ClInclude Include="features\champion_modules\corki_module.hpp" />
    <ClInclude Include="features\champion_modules\zyra_module.hpp" />
    <ClInclude Include="features\champion_modules\morgana_module.hpp" />
    <ClInclude Include="features\champion_modules\yasuo_module.hpp" />
    <ClInclude Include="features\champion_modules\yone_module.hpp" />
    <ClInclude Include="features\champion_modules\viktor_module.hpp" />
    <ClInclude Include="features\champion_modules\senna_module.hpp" />
    <ClInclude Include="features\champion_modules\vayne_module.hpp" />
    <ClInclude Include="features\champion_modules\kindred_module.hpp" />
    <ClInclude Include="features\champion_modules\belveth_module.hpp" />
    <ClInclude Include="features\champion_modules\sylas_module.hpp" />
    <ClInclude Include="features\champion_modules\katarina_module.hpp" />
    <ClInclude Include="features\champion_modules\chogath_module.hpp" />
    <ClInclude Include="features\champion_modules\olaf_module.hpp" />
    <ClInclude Include="features\champion_modules\ziggs_module.hpp" />
    <ClInclude Include="features\champion_modules\samira_module.hpp" />
    <ClInclude Include="features\champion_modules\seraphine_module.hpp" />
    <ClInclude Include="features\champion_modules\sett_module.hpp" />
    <ClInclude Include="features\champion_modules\gnar_module.hpp" />
    <ClInclude Include="features\champion_modules\sion_module.hpp" />
    <ClInclude Include="features\champion_modules\nilah_module.hpp" />
    <ClInclude Include="features\champion_modules\sivir_module.hpp" />
    <ClInclude Include="features\champion_modules\illaoi_module.hpp" />
    <ClInclude Include="features\champion_modules\vladimir_module.hpp" />
    <ClInclude Include="version.hpp" />
    <ClInclude Include="features\champion_modules\irelia_module.hpp" />
    <ClInclude Include="features\champion_modules\zoe_module.hpp" />
    <ClInclude Include="features\champion_modules\kennen_module.hpp" />
    <ClInclude Include="menu\console.hpp" />
    <ClInclude Include="menu\framework\components\c_component_base.hpp" />
    <ClInclude Include="menu\framework\components\c_topbar_base.hpp" />
    <ClInclude Include="menu\framework\c_base_window.hpp" />
    <ClInclude Include="menu\framework\c_window_manager.hpp" />
    <ClInclude Include="features\champion_modules\draven_module.hpp" />
    <ClInclude Include="features\champion_modules\akali_module.hpp" />
    <ClInclude Include="features\champion_modules\missfortune_module.hpp" />
    <ClInclude Include="features\champion_modules\caitlyn_module.hpp" />
    <ClInclude Include="features\champion_modules\aatrox_module.hpp" />
    <ClInclude Include="include\auth\c_hwid_system.hpp" />
    <ClInclude Include="include\auth\c_user.hpp" />
    <ClInclude Include="include\auth\encryption.hpp" />
    <ClInclude Include="include\auth\obf_store.hpp" />
    <ClInclude Include="sdk\number_types.hpp" />
    <ClInclude Include="utils\resource_updater.hpp" />
    <ClInclude Include="features\champion_modules\vex_module.hpp" />
    <ClInclude Include="features\champion_modules\darius_module.hpp" />
    <ClInclude Include="menu\framework\animations.hpp" />
    <ClInclude Include="features\champion_modules\taliyah_module.hpp" />
    <ClInclude Include="features\champion_modules\swain_module.hpp" />
    <ClInclude Include="features\champion_modules\orianna_module.hpp" />
    <ClInclude Include="features\champion_modules\viego_module.hpp" />
    <ClInclude Include="features\champion_modules\lulu_module.hpp" />
    <ClInclude Include="menu\framework\components.hpp" />
    <ClInclude Include="overlay\debug_overlay.hpp" />
    <ClInclude Include="pch.hpp" />
    <ClInclude Include="sdk\audio\audio.hpp" />
    <ClInclude Include="menu\framework\framework.hpp" />
    <ClInclude Include="features\champion_modules\yorick_module.hpp" />
    <ClInclude Include="features\buff_cache.hpp" />
    <ClInclude Include="features\evade.hpp" />
    <ClInclude Include="features\spell_detector.hpp" />
    <ClInclude Include="features\threading.hpp" />
    <ClInclude Include="runtime\app.hpp" />
    <ClInclude Include="sdk\game\ai_manager.hpp" />
    <ClInclude Include="sdk\game\buff.hpp" />
    <ClInclude Include="sdk\game\buff_data.hpp" />
    <ClInclude Include="sdk\game\buff_info.hpp" />
    <ClInclude Include="sdk\game\camera_config.hpp" />
    <ClInclude Include="sdk\game\hud_manager.hpp" />
    <ClInclude Include="sdk\game\inventory.hpp" />
    <ClInclude Include="sdk\game\inventory_slot.hpp" />
    <ClInclude Include="sdk\game\item_data.hpp" />
    <ClInclude Include="sdk\game\menugui.hpp" />
    <ClInclude Include="sdk\game\navgrid.hpp" />
    <ClInclude Include="sdk\game\pw_hud.hpp" />
    <ClInclude Include="sdk\game\base_item.hpp" />
    <ClInclude Include="sdk\game\spell_data.hpp" />
    <ClInclude Include="sdk\game\spell_info.hpp" />
    <ClInclude Include="sdk\game\tactical_map.hpp" />
    <ClInclude Include="sdk\game\unit_info_component.hpp" />
    <ClInclude Include="sdk\memory\memory.hpp" />
    <ClInclude Include="sdk\memory\process.hpp" />
    <ClInclude Include="features\champion_modules\module.hpp" />
    <ClInclude Include="features\entity_list.hpp" />
    <ClInclude Include="features\feature.hpp" />
    <ClInclude Include="features\orbwalker.hpp" />
    <ClInclude Include="features\prediction.hpp" />
    <ClInclude Include="features\tracker.hpp" />
    <ClInclude Include="features\visuals.hpp" />
    <ClInclude Include="sdk\game\object_manager.hpp" />
    <ClInclude Include="sdk\game\spell_cast_info.hpp" />
    <ClInclude Include="sdk\game\buff_manager.hpp" />
    <ClInclude Include="sdk\game\league_string.hpp" />
    <ClInclude Include="sdk\game\obfuscated.hpp" />
    <ClInclude Include="sdk\game\render_manager.hpp" />
    <ClInclude Include="sdk\game\short_object.hpp" />
    <ClInclude Include="sdk\game\spell_book.hpp" />
    <ClInclude Include="sdk\game\spell_slot.hpp" />
    <ClInclude Include="utils\singleton.hpp" />
    <ClInclude Include="sdk\game\object.hpp" />
    <ClInclude Include="features\champion_modules\soraka_module.hpp" />
    <ClInclude Include="utils\holder.hpp" />
    <ClInclude Include="features\champion_modules\diana_module.hpp" />
    <ClInclude Include="features\champion_modules\velkoz_module.hpp" />
    <ClInclude Include="features\champion_modules\anivia_module.hpp" />
    <ClInclude Include="utils\exceptions.hpp" />
    <ClInclude Include="features\champion_modules\aurelionsol_module.hpp" />
    <ClInclude Include="features\champion_modules\gangplank_module.hpp" />
    <ClInclude Include="features\champion_modules\fiora_module.hpp" />
    <ClInclude Include="features\champion_modules\jarvan_module.hpp" />
    <ClInclude Include="features\champion_modules\xayah_module.hpp" />
    <ClInclude Include="utils\crash_detector.hpp" />
    <ClInclude Include="utils\web_client.hpp" />
    <ClInclude Include="sdk\game\spell_details.hpp" />
    <ClInclude Include="utils\registry.hpp" />
    <ClInclude Include="features\champion_modules\nami_module.hpp" />
    <ClInclude Include="features\champion_modules\mordekaiser_module.hpp" />
    <ClInclude Include="features\champion_modules\amumu_module.hpp" />
    <ClInclude Include="features\champion_modules\zilean_module.hpp" />
    <ClInclude Include="features\champion_modules\yuumi_module.hpp" />
    <ClInclude Include="features\champion_modules\janna_module.hpp" />
    <ClInclude Include="utils\cache_manager.hpp" />
    <ClInclude Include="utils\directory_manager.hpp" />
    <ClInclude Include="utils\path.hpp" />
    <ClInclude Include="features\champion_modules\malzahar_module.hpp" />
    <ClInclude Include="features\entity_cache.hpp" />
    <ClInclude Include="features\champion_modules\thresh_module.hpp" />
    <ClInclude Include="sdk\game\obfuscated_flag.hpp" />
    <ClInclude Include="features\champion_modules\akshan_module.hpp" />
    <ClInclude Include="features\target_selector\ITargetSelector.hpp" />
    <ClInclude Include="features\target_selector\lua_target_selector.hpp" />
    <ClInclude Include="features\target_selector\target_selector.hpp" />
    <ClInclude Include="features\champion_modules\evelynn_module.hpp" />
    <ClInclude Include="features\champion_modules\milio_module.hpp" />
    <ClInclude Include="features\runtime\runtime.hpp" />
    <ClInclude Include="features\champion_modules\trundle_module.hpp" />
    <ClInclude Include="sdk\game\entity_info.hpp" />
    <ClInclude Include="features\champion_modules\azir_module.hpp" />
    <ClInclude Include="loader\loader.hpp" />
    <ClInclude Include="lua-v2\custom_structs.hpp" />
    <ClInclude Include="lua-v2\exception.hpp" />
    <ClInclude Include="lua-v2\state.hpp" />
    <ClInclude Include="logger.hpp" />
    <ClInclude Include="lua-v2\cancelable.hpp" />
    <ClInclude Include="lua-v2\lua_web_client.hpp" />
    <ClInclude Include="lua-v2\lua_def.hpp" />
    <ClInclude Include="lua-v2\logger.hpp" />
    <ClInclude Include="lua-v2\test\test.hpp" />
    <ClInclude Include="utils\sentry\sentry.hpp" />
    <ClInclude Include="config\config_var.hpp" />
    <ClInclude Include="features\activator\activator.hpp" />
    <ClInclude Include="features\runtime\multi_core.hpp" />
    <ClInclude Include="features\runtime\runtime2.hpp" />
    <ClInclude Include="features\runtime\single_core.hpp" />
    <ClInclude Include="lua-v2\json.hpp" />
    <ClInclude Include="lua-v2\sdk_download.hpp" />
    <ClInclude Include="mixpanel\mixpanel.hpp" />
    <ClInclude Include="utils\destroy_watcher.hpp" />
    <ClInclude Include="utils\keybind_system.hpp" />
    <ClInclude Include="utils\memory_holder.hpp" />
    <ClInclude Include="utils\memory\memory_holder.hpp" />
    <ClInclude Include="utils\memory\memory_reader_i.hpp" />
    <ClInclude Include="utils\memory\update_policy.hpp" />
    <ClInclude Include="utils\memory\entity_example.hpp" />
    <ClInclude Include="utils\timer.hpp" />
    <ClInclude Include="utils\key.hpp" />
    <ClInclude Include="utils\dynamic.hpp" />
    <ClInclude Include="features\champion_modules\teemo_module.hpp" />
  </ItemGroup>
</Project>